
Microsoft Visual Studio Solution File, Format Version 12.00
# Visual Studio Version 16
VisualStudioVersion = 16.0.30717.126
MinimumVisualStudioVersion = 10.0.40219.1
Project("{9A19103F-16F7-4668-BE54-9A1E7A4F7556}") = "BethanysPieShowHRM.App", "BethanysPieShowHRM.App.csproj", "{EF6A56B8-DD44-410B-84FF-B5DD729A282C}"
EndProject
Project("{FAE04EC0-301F-11D3-BF4B-00C04F79EFBC}") = "BethanysPieShopHRM.Shared", "BethanysPieShopHRM.Shared\BethanysPieShopHRM.Shared.csproj", "{31C9589B-B6E1-423D-A8EF-AE199AE808D9}"
EndProject
Global
	GlobalSection(SolutionConfigurationPlatforms) = preSolution
		Debug|Any CPU = Debug|Any CPU
		Release|Any CPU = Release|Any CPU
	EndGlobalSection
	GlobalSection(ProjectConfigurationPlatforms) = postSolution
		{EF6A56B8-DD44-410B-84FF-B5DD729A282C}.Debug|Any CPU.ActiveCfg = Debug|Any CPU
		{EF6A56B8-DD44-410B-84FF-B5DD729A282C}.Debug|Any CPU.Build.0 = Debug|Any CPU
		{EF6A56B8-DD44-410B-84FF-B5DD729A282C}.Release|Any CPU.ActiveCfg = Release|Any CPU
		{EF6A56B8-DD44-410B-84FF-B5DD729A282C}.Release|Any CPU.Build.0 = Release|Any CPU
		{31C9589B-B6E1-423D-A8EF-AE199AE808D9}.Debug|Any CPU.ActiveCfg = Debug|Any CPU
		{31C9589B-B6E1-423D-A8EF-AE199AE808D9}.Debug|Any CPU.Build.0 = Debug|Any CPU
		{31C9589B-B6E1-423D-A8EF-AE199AE808D9}.Release|Any CPU.ActiveCfg = Release|Any CPU
		{31C9589B-B6E1-423D-A8EF-AE199AE808D9}.Release|Any CPU.Build.0 = Release|Any CPU
	EndGlobalSection
	GlobalSection(SolutionProperties) = preSolution
		HideSolutionNode = FALSE
	EndGlobalSection
	GlobalSection(ExtensibilityGlobals) = postSolution
		SolutionGuid = {0EA43BF7-7196-4ABD-8995-5A50E0F66705}
	EndGlobalSection
EndGlobal
