
Microsoft Visual Studio Solution File, Format Version 12.00
# Visual Studio Version 16
VisualStudioVersion = 16.0.30717.126
MinimumVisualStudioVersion = 10.0.40219.1
Project("{9A19103F-16F7-4668-BE54-9A1E7A4F7556}") = "BethanysPieShopHRM.Shared", "BethanysPieShopHRM.Shared\BethanysPieShopHRM.Shared.csproj", "{9736E6A8-99F2-412D-94B0-25B1E8B6BC6F}"
EndProject
Project("{9A19103F-16F7-4668-BE54-9A1E7A4F7556}") = "BethanysPieShopHRM.App", "BethanysPieShowHRM.App\BethanysPieShopHRM.App.csproj", "{F3517054-0B78-403C-A4CA-F2510FDC652F}"
EndProject
Project("{9A19103F-16F7-4668-BE54-9A1E7A4F7556}") = "BethanysPieShopHRM.Api", "BethanysPieShopHRM.Api\BethanysPieShopHRM.Api.csproj", "{4DFFEAEB-2469-46F9-B610-E45C57A99552}"
EndProject
Global
	GlobalSection(SolutionConfigurationPlatforms) = preSolution
		Debug|Any CPU = Debug|Any CPU
		Release|Any CPU = Release|Any CPU
	EndGlobalSection
	GlobalSection(ProjectConfigurationPlatforms) = postSolution
		{9736E6A8-99F2-412D-94B0-25B1E8B6BC6F}.Debug|Any CPU.ActiveCfg = Debug|Any CPU
		{9736E6A8-99F2-412D-94B0-25B1E8B6BC6F}.Debug|Any CPU.Build.0 = Debug|Any CPU
		{9736E6A8-99F2-412D-94B0-25B1E8B6BC6F}.Release|Any CPU.ActiveCfg = Release|Any CPU
		{9736E6A8-99F2-412D-94B0-25B1E8B6BC6F}.Release|Any CPU.Build.0 = Release|Any CPU
		{F3517054-0B78-403C-A4CA-F2510FDC652F}.Debug|Any CPU.ActiveCfg = Debug|Any CPU
		{F3517054-0B78-403C-A4CA-F2510FDC652F}.Debug|Any CPU.Build.0 = Debug|Any CPU
		{F3517054-0B78-403C-A4CA-F2510FDC652F}.Release|Any CPU.ActiveCfg = Release|Any CPU
		{F3517054-0B78-403C-A4CA-F2510FDC652F}.Release|Any CPU.Build.0 = Release|Any CPU
		{4DFFEAEB-2469-46F9-B610-E45C57A99552}.Debug|Any CPU.ActiveCfg = Debug|Any CPU
		{4DFFEAEB-2469-46F9-B610-E45C57A99552}.Debug|Any CPU.Build.0 = Debug|Any CPU
		{4DFFEAEB-2469-46F9-B610-E45C57A99552}.Release|Any CPU.ActiveCfg = Release|Any CPU
		{4DFFEAEB-2469-46F9-B610-E45C57A99552}.Release|Any CPU.Build.0 = Release|Any CPU
	EndGlobalSection
	GlobalSection(SolutionProperties) = preSolution
		HideSolutionNode = FALSE
	EndGlobalSection
	GlobalSection(ExtensibilityGlobals) = postSolution
		SolutionGuid = {0EA43BF7-7196-4ABD-8995-5A50E0F66705}
	EndGlobalSection
EndGlobal
